// !$*UTF8*$!
{
	archiveVersion = 1;
	classes = {
	};
	objectVersion = 50;
	objects = {

/* Begin PBXBuildFile section */
		B558BD7424E144DD00AA4626 /* AppDelegate.swift in Sources */ = {isa = PBXBuildFile; fileRef = B558BD7324E144DD00AA4626 /* AppDelegate.swift */; };
		B558BD7624E144DD00AA4626 /* SceneDelegate.swift in Sources */ = {isa = PBXBuildFile; fileRef = B558BD7524E144DD00AA4626 /* SceneDelegate.swift */; };
		B558BD7824E144DD00AA4626 /* CreateEntryViewController.swift in Sources */ = {isa = PBXBuildFile; fileRef = B558BD7724E144DD00AA4626 /* CreateEntryViewController.swift */; };
		B558BD7B24E144DD00AA4626 /* Main.storyboard in Resources */ = {isa = PBXBuildFile; fileRef = B558BD7924E144DD00AA4626 /* Main.storyboard */; };
		B558BD7D24E144E100AA4626 /* Assets.xcassets in Resources */ = {isa = PBXBuildFile; fileRef = B558BD7C24E144E100AA4626 /* Assets.xcassets */; };
		B558BD8024E144E100AA4626 /* LaunchScreen.storyboard in Resources */ = {isa = PBXBuildFile; fileRef = B558BD7E24E144E100AA4626 /* LaunchScreen.storyboard */; };
		B558BD8824E1489600AA4626 /* ListOfEntriesTableViewController.swift in Sources */ = {isa = PBXBuildFile; fileRef = B558BD8724E1489600AA4626 /* ListOfEntriesTableViewController.swift */; };
		B558BD8A24E1490600AA4626 /* ViewFullEntryViewController.swift in Sources */ = {isa = PBXBuildFile; fileRef = B558BD8924E1490600AA4626 /* ViewFullEntryViewController.swift */; };
		B558BD8E24E14CE000AA4626 /* GetNewSession.swift in Sources */ = {isa = PBXBuildFile; fileRef = B558BD8D24E14CE000AA4626 /* GetNewSession.swift */; };
		B558BD9124E14E4200AA4626 /* GetEntries.swift in Sources */ = {isa = PBXBuildFile; fileRef = B558BD9024E14E4200AA4626 /* GetEntries.swift */; };
		B558BD9324E14F3D00AA4626 /* GetAddEntry.swift in Sources */ = {isa = PBXBuildFile; fileRef = B558BD9224E14F3D00AA4626 /* GetAddEntry.swift */; };
		B558BD9624E1505200AA4626 /* NetworkService.swift in Sources */ = {isa = PBXBuildFile; fileRef = B558BD9524E1505200AA4626 /* NetworkService.swift */; };
		B558BD9824E1505C00AA4626 /* NetworkNewSession.swift in Sources */ = {isa = PBXBuildFile; fileRef = B558BD9724E1505C00AA4626 /* NetworkNewSession.swift */; };
		B558BD9A24E1540900AA4626 /* NetworkGetEntries.swift in Sources */ = {isa = PBXBuildFile; fileRef = B558BD9924E1540900AA4626 /* NetworkGetEntries.swift */; };
		B558BD9C24E1DD8A00AA4626 /* NetworkGetAddEntry.swift in Sources */ = {isa = PBXBuildFile; fileRef = B558BD9B24E1DD8A00AA4626 /* NetworkGetAddEntry.swift */; };
		B558BD9F24E298DE00AA4626 /* ListOfEntriesTableViewCell.swift in Sources */ = {isa = PBXBuildFile; fileRef = B558BD9E24E298DE00AA4626 /* ListOfEntriesTableViewCell.swift */; };
		B558BDA124E3F45500AA4626 /* Reachability.swift in Sources */ = {isa = PBXBuildFile; fileRef = B558BDA024E3F45500AA4626 /* Reachability.swift */; };
/* End PBXBuildFile section */

/* Begin PBXFileReference section */
		B558BD7024E144DD00AA4626 /* testAPI.app */ = {isa = PBXFileReference; explicitFileType = wrapper.application; includeInIndex = 0; path = testAPI.app; sourceTree = BUILT_PRODUCTS_DIR; };
		B558BD7324E144DD00AA4626 /* AppDelegate.swift */ = {isa = PBXFileReference; lastKnownFileType = sourcecode.swift; path = AppDelegate.swift; sourceTree = "<group>"; };
		B558BD7524E144DD00AA4626 /* SceneDelegate.swift */ = {isa = PBXFileReference; lastKnownFileType = sourcecode.swift; path = SceneDelegate.swift; sourceTree = "<group>"; };
		B558BD7724E144DD00AA4626 /* CreateEntryViewController.swift */ = {isa = PBXFileReference; lastKnownFileType = sourcecode.swift; path = CreateEntryViewController.swift; sourceTree = "<group>"; };
		B558BD7A24E144DD00AA4626 /* Base */ = {isa = PBXFileReference; lastKnownFileType = file.storyboard; name = Base; path = Base.lproj/Main.storyboard; sourceTree = "<group>"; };
		B558BD7C24E144E100AA4626 /* Assets.xcassets */ = {isa = PBXFileReference; lastKnownFileType = folder.assetcatalog; path = Assets.xcassets; sourceTree = "<group>"; };
		B558BD7F24E144E100AA4626 /* Base */ = {isa = PBXFileReference; lastKnownFileType = file.storyboard; name = Base; path = Base.lproj/LaunchScreen.storyboard; sourceTree = "<group>"; };
		B558BD8124E144E100AA4626 /* Info.plist */ = {isa = PBXFileReference; lastKnownFileType = text.plist.xml; path = Info.plist; sourceTree = "<group>"; };
		B558BD8724E1489600AA4626 /* ListOfEntriesTableViewController.swift */ = {isa = PBXFileReference; lastKnownFileType = sourcecode.swift; path = ListOfEntriesTableViewController.swift; sourceTree = "<group>"; };
		B558BD8924E1490600AA4626 /* ViewFullEntryViewController.swift */ = {isa = PBXFileReference; lastKnownFileType = sourcecode.swift; path = ViewFullEntryViewController.swift; sourceTree = "<group>"; };
		B558BD8D24E14CE000AA4626 /* GetNewSession.swift */ = {isa = PBXFileReference; lastKnownFileType = sourcecode.swift; path = GetNewSession.swift; sourceTree = "<group>"; };
		B558BD9024E14E4200AA4626 /* GetEntries.swift */ = {isa = PBXFileReference; lastKnownFileType = sourcecode.swift; path = GetEntries.swift; sourceTree = "<group>"; };
		B558BD9224E14F3D00AA4626 /* GetAddEntry.swift */ = {isa = PBXFileReference; lastKnownFileType = sourcecode.swift; path = GetAddEntry.swift; sourceTree = "<group>"; };
		B558BD9524E1505200AA4626 /* NetworkService.swift */ = {isa = PBXFileReference; lastKnownFileType = sourcecode.swift; path = NetworkService.swift; sourceTree = "<group>"; };
		B558BD9724E1505C00AA4626 /* NetworkNewSession.swift */ = {isa = PBXFileReference; lastKnownFileType = sourcecode.swift; path = NetworkNewSession.swift; sourceTree = "<group>"; };
		B558BD9924E1540900AA4626 /* NetworkGetEntries.swift */ = {isa = PBXFileReference; lastKnownFileType = sourcecode.swift; path = NetworkGetEntries.swift; sourceTree = "<group>"; };
		B558BD9B24E1DD8A00AA4626 /* NetworkGetAddEntry.swift */ = {isa = PBXFileReference; lastKnownFileType = sourcecode.swift; path = NetworkGetAddEntry.swift; sourceTree = "<group>"; };
		B558BD9E24E298DE00AA4626 /* ListOfEntriesTableViewCell.swift */ = {isa = PBXFileReference; lastKnownFileType = sourcecode.swift; path = ListOfEntriesTableViewCell.swift; sourceTree = "<group>"; };
		B558BDA024E3F45500AA4626 /* Reachability.swift */ = {isa = PBXFileReference; lastKnownFileType = sourcecode.swift; path = Reachability.swift; sourceTree = "<group>"; };
/* End PBXFileReference section */

/* Begin PBXFrameworksBuildPhase section */
		B558BD6D24E144DD00AA4626 /* Frameworks */ = {
			isa = PBXFrameworksBuildPhase;
			buildActionMask = 2147483647;
			files = (
			);
			runOnlyForDeploymentPostprocessing = 0;
		};
/* End PBXFrameworksBuildPhase section */

/* Begin PBXGroup section */
		B558BD6724E144DD00AA4626 = {
			isa = PBXGroup;
			children = (
				B558BD7224E144DD00AA4626 /* testAPI */,
				B558BD7124E144DD00AA4626 /* Products */,
			);
			sourceTree = "<group>";
		};
		B558BD7124E144DD00AA4626 /* Products */ = {
			isa = PBXGroup;
			children = (
				B558BD7024E144DD00AA4626 /* testAPI.app */,
			);
			name = Products;
			sourceTree = "<group>";
		};
		B558BD7224E144DD00AA4626 /* testAPI */ = {
			isa = PBXGroup;
			children = (
				B558BD7324E144DD00AA4626 /* AppDelegate.swift */,
				B558BD7524E144DD00AA4626 /* SceneDelegate.swift */,
				B558BD8C24E14CC500AA4626 /* Model */,
				B558BD8B24E14CB200AA4626 /* Controllers */,
				B558BD9D24E2980D00AA4626 /* Cell */,
				B558BD9424E1503E00AA4626 /* Network */,
				B558BD7924E144DD00AA4626 /* Main.storyboard */,
				B558BD7C24E144E100AA4626 /* Assets.xcassets */,
				B558BD7E24E144E100AA4626 /* LaunchScreen.storyboard */,
				B558BD8124E144E100AA4626 /* Info.plist */,
			);
			path = testAPI;
			sourceTree = "<group>";
		};
		B558BD8B24E14CB200AA4626 /* Controllers */ = {
			isa = PBXGroup;
			children = (
				B558BD8724E1489600AA4626 /* ListOfEntriesTableViewController.swift */,
				B558BD7724E144DD00AA4626 /* CreateEntryViewController.swift */,
				B558BD8924E1490600AA4626 /* ViewFullEntryViewController.swift */,
			);
			path = Controllers;
			sourceTree = "<group>";
		};
		B558BD8C24E14CC500AA4626 /* Model */ = {
			isa = PBXGroup;
			children = (
				B558BD8F24E14E0400AA4626 /* Response */,
			);
			path = Model;
			sourceTree = "<group>";
		};
		B558BD8F24E14E0400AA4626 /* Response */ = {
			isa = PBXGroup;
			children = (
				B558BD8D24E14CE000AA4626 /* GetNewSession.swift */,
				B558BD9024E14E4200AA4626 /* GetEntries.swift */,
				B558BD9224E14F3D00AA4626 /* GetAddEntry.swift */,
			);
			path = Response;
			sourceTree = "<group>";
		};
		B558BD9424E1503E00AA4626 /* Network */ = {
			isa = PBXGroup;
			children = (
				B558BD9524E1505200AA4626 /* NetworkService.swift */,
				B558BD9724E1505C00AA4626 /* NetworkNewSession.swift */,
				B558BD9924E1540900AA4626 /* NetworkGetEntries.swift */,
				B558BD9B24E1DD8A00AA4626 /* NetworkGetAddEntry.swift */,
				B558BDA024E3F45500AA4626 /* Reachability.swift */,
			);
			path = Network;
			sourceTree = "<group>";
		};
		B558BD9D24E2980D00AA4626 /* Cell */ = {
			isa = PBXGroup;
			children = (
				B558BD9E24E298DE00AA4626 /* ListOfEntriesTableViewCell.swift */,
			);
			path = Cell;
			sourceTree = "<group>";
		};
/* End PBXGroup section */

/* Begin PBXNativeTarget section */
		B558BD6F24E144DD00AA4626 /* testAPI */ = {
			isa = PBXNativeTarget;
			buildConfigurationList = B558BD8424E144E100AA4626 /* Build configuration list for PBXNativeTarget "testAPI" */;
			buildPhases = (
				B558BD6C24E144DD00AA4626 /* Sources */,
				B558BD6D24E144DD00AA4626 /* Frameworks */,
				B558BD6E24E144DD00AA4626 /* Resources */,
			);
			buildRules = (
			);
			dependencies = (
			);
			name = testAPI;
			productName = testAPI;
			productReference = B558BD7024E144DD00AA4626 /* testAPI.app */;
			productType = "com.apple.product-type.application";
		};
/* End PBXNativeTarget section */

/* Begin PBXProject section */
		B558BD6824E144DD00AA4626 /* Project object */ = {
			isa = PBXProject;
			attributes = {
				LastSwiftUpdateCheck = 1160;
				LastUpgradeCheck = 1160;
				ORGANIZATIONNAME = maksim;
				TargetAttributes = {
					B558BD6F24E144DD00AA4626 = {
						CreatedOnToolsVersion = 11.6;
					};
				};
			};
			buildConfigurationList = B558BD6B24E144DD00AA4626 /* Build configuration list for PBXProject "testAPI" */;
			compatibilityVersion = "Xcode 9.3";
			developmentRegion = en;
			hasScannedForEncodings = 0;
			knownRegions = (
				en,
				Base,
			);
			mainGroup = B558BD6724E144DD00AA4626;
			productRefGroup = B558BD7124E144DD00AA4626 /* Products */;
			projectDirPath = "";
			projectRoot = "";
			targets = (
				B558BD6F24E144DD00AA4626 /* testAPI */,
			);
		};
/* End PBXProject section */

/* Begin PBXResourcesBuildPhase section */
		B558BD6E24E144DD00AA4626 /* Resources */ = {
			isa = PBXResourcesBuildPhase;
			buildActionMask = 2147483647;
			files = (
				B558BD8024E144E100AA4626 /* LaunchScreen.storyboard in Resources */,
				B558BD7D24E144E100AA4626 /* Assets.xcassets in Resources */,
				B558BD7B24E144DD00AA4626 /* Main.storyboard in Resources */,
			);
			runOnlyForDeploymentPostprocessing = 0;
		};
/* End PBXResourcesBuildPhase section */

/* Begin PBXSourcesBuildPhase section */
		B558BD6C24E144DD00AA4626 /* Sources */ = {
			isa = PBXSourcesBuildPhase;
			buildActionMask = 2147483647;
			files = (
				B558BDA124E3F45500AA4626 /* Reachability.swift in Sources */,
				B558BD7824E144DD00AA4626 /* CreateEntryViewController.swift in Sources */,
				B558BD9F24E298DE00AA4626 /* ListOfEntriesTableViewCell.swift in Sources */,
				B558BD7424E144DD00AA4626 /* AppDelegate.swift in Sources */,
				B558BD8A24E1490600AA4626 /* ViewFullEntryViewController.swift in Sources */,
				B558BD8E24E14CE000AA4626 /* GetNewSession.swift in Sources */,
				B558BD9C24E1DD8A00AA4626 /* NetworkGetAddEntry.swift in Sources */,
				B558BD9824E1505C00AA4626 /* NetworkNewSession.swift in Sources */,
				B558BD9624E1505200AA4626 /* NetworkService.swift in Sources */,
				B558BD9124E14E4200AA4626 /* GetEntries.swift in Sources */,
				B558BD7624E144DD00AA4626 /* SceneDelegate.swift in Sources */,
				B558BD8824E1489600AA4626 /* ListOfEntriesTableViewController.swift in Sources */,
				B558BD9324E14F3D00AA4626 /* GetAddEntry.swift in Sources */,
				B558BD9A24E1540900AA4626 /* NetworkGetEntries.swift in Sources */,
			);
			runOnlyForDeploymentPostprocessing = 0;
		};
/* End PBXSourcesBuildPhase section */

/* Begin PBXVariantGroup section */
		B558BD7924E144DD00AA4626 /* Main.storyboard */ = {
			isa = PBXVariantGroup;
			children = (
				B558BD7A24E144DD00AA4626 /* Base */,
			);
			name = Main.storyboard;
			sourceTree = "<group>";
		};
		B558BD7E24E144E100AA4626 /* LaunchScreen.storyboard */ = {
			isa = PBXVariantGroup;
			children = (
				B558BD7F24E144E100AA4626 /* Base */,
			);
			name = LaunchScreen.storyboard;
			sourceTree = "<group>";
		};
/* End PBXVariantGroup section */

/* Begin XCBuildConfiguration section */
		B558BD8224E144E100AA4626 /* Debug */ = {
			isa = XCBuildConfiguration;
			buildSettings = {
				ALWAYS_SEARCH_USER_PATHS = NO;
				CLANG_ANALYZER_NONNULL = YES;
				CLANG_ANALYZER_NUMBER_OBJECT_CONVERSION = YES_AGGRESSIVE;
				CLANG_CXX_LANGUAGE_STANDARD = "gnu++14";
				CLANG_CXX_LIBRARY = "libc++";
				CLANG_ENABLE_MODULES = YES;
				CLANG_ENABLE_OBJC_ARC = YES;
				CLANG_ENABLE_OBJC_WEAK = YES;
				CLANG_WARN_BLOCK_CAPTURE_AUTORELEASING = YES;
				CLANG_WARN_BOOL_CONVERSION = YES;
				CLANG_WARN_COMMA = YES;
				CLANG_WARN_CONSTANT_CONVERSION = YES;
				CLANG_WARN_DEPRECATED_OBJC_IMPLEMENTATIONS = YES;
				CLANG_WARN_DIRECT_OBJC_ISA_USAGE = YES_ERROR;
				CLANG_WARN_DOCUMENTATION_COMMENTS = YES;
				CLANG_WARN_EMPTY_BODY = YES;
				CLANG_WARN_ENUM_CONVERSION = YES;
				CLANG_WARN_INFINITE_RECURSION = YES;
				CLANG_WARN_INT_CONVERSION = YES;
				CLANG_WARN_NON_LITERAL_NULL_CONVERSION = YES;
				CLANG_WARN_OBJC_IMPLICIT_RETAIN_SELF = YES;
				CLANG_WARN_OBJC_LITERAL_CONVERSION = YES;
				CLANG_WARN_OBJC_ROOT_CLASS = YES_ERROR;
				CLANG_WARN_RANGE_LOOP_ANALYSIS = YES;
				CLANG_WARN_STRICT_PROTOTYPES = YES;
				CLANG_WARN_SUSPICIOUS_MOVE = YES;
				CLANG_WARN_UNGUARDED_AVAILABILITY = YES_AGGRESSIVE;
				CLANG_WARN_UNREACHABLE_CODE = YES;
				CLANG_WARN__DUPLICATE_METHOD_MATCH = YES;
				COPY_PHASE_STRIP = NO;
				DEBUG_INFORMATION_FORMAT = dwarf;
				ENABLE_STRICT_OBJC_MSGSEND = YES;
				ENABLE_TESTABILITY = YES;
				GCC_C_LANGUAGE_STANDARD = gnu11;
				GCC_DYNAMIC_NO_PIC = NO;
				GCC_NO_COMMON_BLOCKS = YES;
				GCC_OPTIMIZATION_LEVEL = 0;
				GCC_PREPROCESSOR_DEFINITIONS = (
					"DEBUG=1",
					"$(inherited)",
				);
				GCC_WARN_64_TO_32_BIT_CONVERSION = YES;
				GCC_WARN_ABOUT_RETURN_TYPE = YES_ERROR;
				GCC_WARN_UNDECLARED_SELECTOR = YES;
				GCC_WARN_UNINITIALIZED_AUTOS = YES_AGGRESSIVE;
				GCC_WARN_UNUSED_FUNCTION = YES;
				GCC_WARN_UNUSED_VARIABLE = YES;
				IPHONEOS_DEPLOYMENT_TARGET = 13.6;
				MTL_ENABLE_DEBUG_INFO = INCLUDE_SOURCE;
				MTL_FAST_MATH = YES;
				ONLY_ACTIVE_ARCH = YES;
				SDKROOT = iphoneos;
				SWIFT_ACTIVE_COMPILATION_CONDITIONS = DEBUG;
				SWIFT_OPTIMIZATION_LEVEL = "-Onone";
			};
			name = Debug;
		};
		B558BD8324E144E100AA4626 /* Release */ = {
			isa = XCBuildConfiguration;
			buildSettings = {
				ALWAYS_SEARCH_USER_PATHS = NO;
				CLANG_ANALYZER_NONNULL = YES;
				CLANG_ANALYZER_NUMBER_OBJECT_CONVERSION = YES_AGGRESSIVE;
				CLANG_CXX_LANGUAGE_STANDARD = "gnu++14";
				CLANG_CXX_LIBRARY = "libc++";
				CLANG_ENABLE_MODULES = YES;
				CLANG_ENABLE_OBJC_ARC = YES;
				CLANG_ENABLE_OBJC_WEAK = YES;
				CLANG_WARN_BLOCK_CAPTURE_AUTORELEASING = YES;
				CLANG_WARN_BOOL_CONVERSION = YES;
				CLANG_WARN_COMMA = YES;
				CLANG_WARN_CONSTANT_CONVERSION = YES;
				CLANG_WARN_DEPRECATED_OBJC_IMPLEMENTATIONS = YES;
				CLANG_WARN_DIRECT_OBJC_ISA_USAGE = YES_ERROR;
				CLANG_WARN_DOCUMENTATION_COMMENTS = YES;
				CLANG_WARN_EMPTY_BODY = YES;
				CLANG_WARN_ENUM_CONVERSION = YES;
				CLANG_WARN_INFINITE_RECURSION = YES;
				CLANG_WARN_INT_CONVERSION = YES;
				CLANG_WARN_NON_LITERAL_NULL_CONVERSION = YES;
				CLANG_WARN_OBJC_IMPLICIT_RETAIN_SELF = YES;
				CLANG_WARN_OBJC_LITERAL_CONVERSION = YES;
				CLANG_WARN_OBJC_ROOT_CLASS = YES_ERROR;
				CLANG_WARN_RANGE_LOOP_ANALYSIS = YES;
				CLANG_WARN_STRICT_PROTOTYPES = YES;
				CLANG_WARN_SUSPICIOUS_MOVE = YES;
				CLANG_WARN_UNGUARDED_AVAILABILITY = YES_AGGRESSIVE;
				CLANG_WARN_UNREACHABLE_CODE = YES;
				CLANG_WARN__DUPLICATE_METHOD_MATCH = YES;
				COPY_PHASE_STRIP = NO;
				DEBUG_INFORMATION_FORMAT = "dwarf-with-dsym";
				ENABLE_NS_ASSERTIONS = NO;
				ENABLE_STRICT_OBJC_MSGSEND = YES;
				GCC_C_LANGUAGE_STANDARD = gnu11;
				GCC_NO_COMMON_BLOCKS = YES;
				GCC_WARN_64_TO_32_BIT_CONVERSION = YES;
				GCC_WARN_ABOUT_RETURN_TYPE = YES_ERROR;
				GCC_WARN_UNDECLARED_SELECTOR = YES;
				GCC_WARN_UNINITIALIZED_AUTOS = YES_AGGRESSIVE;
				GCC_WARN_UNUSED_FUNCTION = YES;
				GCC_WARN_UNUSED_VARIABLE = YES;
				IPHONEOS_DEPLOYMENT_TARGET = 13.6;
				MTL_ENABLE_DEBUG_INFO = NO;
				MTL_FAST_MATH = YES;
				SDKROOT = iphoneos;
				SWIFT_COMPILATION_MODE = wholemodule;
				SWIFT_OPTIMIZATION_LEVEL = "-O";
				VALIDATE_PRODUCT = YES;
			};
			name = Release;
		};
		B558BD8524E144E100AA4626 /* Debug */ = {
			isa = XCBuildConfiguration;
			buildSettings = {
				ASSETCATALOG_COMPILER_APPICON_NAME = AppIcon;
				CODE_SIGN_STYLE = Automatic;
				DEVELOPMENT_TEAM = XS2KGXGTG9;
				INFOPLIST_FILE = testAPI/Info.plist;
				LD_RUNPATH_SEARCH_PATHS = (
					"$(inherited)",
					"@executable_path/Frameworks",
				);
				PRODUCT_BUNDLE_IDENTIFIER = maksim.testAPI;
				PRODUCT_NAME = "$(TARGET_NAME)";
				SWIFT_VERSION = 5.0;
				TARGETED_DEVICE_FAMILY = "1,2";
			};
			name = Debug;
		};
		B558BD8624E144E100AA4626 /* Release */ = {
			isa = XCBuildConfiguration;
			buildSettings = {
				ASSETCATALOG_COMPILER_APPICON_NAME = AppIcon;
				CODE_SIGN_STYLE = Automatic;
				DEVELOPMENT_TEAM = XS2KGXGTG9;
				INFOPLIST_FILE = testAPI/Info.plist;
				LD_RUNPATH_SEARCH_PATHS = (
					"$(inherited)",
					"@executable_path/Frameworks",
				);
				PRODUCT_BUNDLE_IDENTIFIER = maksim.testAPI;
				PRODUCT_NAME = "$(TARGET_NAME)";
				SWIFT_VERSION = 5.0;
				TARGETED_DEVICE_FAMILY = "1,2";
			};
			name = Release;
		};
/* End XCBuildConfiguration section */

/* Begin XCConfigurationList section */
		B558BD6B24E144DD00AA4626 /* Build configuration list for PBXProject "testAPI" */ = {
			isa = XCConfigurationList;
			buildConfigurations = (
				B558BD8224E144E100AA4626 /* Debug */,
				B558BD8324E144E100AA4626 /* Release */,
			);
			defaultConfigurationIsVisible = 0;
			defaultConfigurationName = Release;
		};
		B558BD8424E144E100AA4626 /* Build configuration list for PBXNativeTarget "testAPI" */ = {
			isa = XCConfigurationList;
			buildConfigurations = (
				B558BD8524E144E100AA4626 /* Debug */,
				B558BD8624E144E100AA4626 /* Release */,
			);
			defaultConfigurationIsVisible = 0;
			defaultConfigurationName = Release;
		};
/* End XCConfigurationList section */
	};
	rootObject = B558BD6824E144DD00AA4626 /* Project object */;
}
